# @generated - this file is auto-generated by `mise lock` https://mise.jdx.dev/dev-tools/mise-lock.html

lockfile_version = 1

[[tools.aube]]
version = "1.18.0"
backend = "packslip:github.com/aubepkg/aube"
specifiers = ["latest"]

[tools.aube."platforms.linux-arm64"]
checksum = "sha256:e7881daae7b5704a68bef2c1d25740f5b808f982a9013e99625910fa72c7e04c"
url = "https://github.com/aubepkg/aube/releases/download/v1.18.0/aube-v1.18.0-aarch64-unknown-linux-gnu.tar.gz"
url_api = "https://api.github.com/repos/aubepkg/aube/releases/assets/438543417"

[tools.aube."platforms.linux-arm64-musl"]
checksum = "sha256:ed39261b679c9b96cedc0e64744e66c5080247a1d34a6cf2669c40cce8956309"
url = "https://github.com/aubepkg/aube/releases/download/v1.18.0/aube-v1.18.0-aarch64-unknown-linux-musl.tar.gz"
url_api = "https://api.github.com/repos/aubepkg/aube/releases/assets/438516230"

[tools.aube."platforms.linux-x64"]
checksum = "sha256:20b158c2439087267c95451dcc5feba13cfd1045b7a108e41a85c779bebbe1da"
url = "https://github.com/aubepkg/aube/releases/download/v1.18.0/aube-v1.18.0-x86_64-unknown-linux-gnu.tar.gz"
url_api = "https://api.github.com/repos/aubepkg/aube/releases/assets/438526121"

[tools.aube."platforms.linux-x64-musl"]
checksum = "sha256:d4ef67a858817fd0e158aa4022787b079f4af566eebce7914bdd7eaf0cc803c1"
url = "https://github.com/aubepkg/aube/releases/download/v1.18.0/aube-v1.18.0-x86_64-unknown-linux-musl.tar.gz"
url_api = "https://api.github.com/repos/aubepkg/aube/releases/assets/438522827"

[tools.aube."platforms.macos-arm64"]
checksum = "sha256:0d050f30ff4f80c2fe4bbba106a7c439b7d79702c923ee95502695d8a910a600"
url = "https://github.com/aubepkg/aube/releases/download/v1.18.0/aube-v1.18.0-aarch64-apple-darwin.tar.gz"
url_api = "https://api.github.com/repos/aubepkg/aube/releases/assets/438568960"

[tools.aube."platforms.windows-x64"]
checksum = "sha256:ddc94d1cf21c14d675271761a7837193a23869f719a9cf57149807525e6b8620"
url = "https://github.com/aubepkg/aube/releases/download/v1.18.0/aube-v1.18.0-x86_64-pc-windows-msvc.zip"
url_api = "https://api.github.com/repos/aubepkg/aube/releases/assets/438529280"

[[tools.rust]]
version = "stable"
backend = "core:rust"
specifiers = ["latest"]
