# @generated - this file is auto-generated by `mise lock` https://mise.jdx.dev/dev-tools/mise-lock.html

lockfile_version = 1

[[tools."github:static-web-server/static-web-server"]]
version = "2.44.0"
backend = "github:static-web-server/static-web-server"
specifiers = ["latest"]

[tools."github:static-web-server/static-web-server"."platforms.linux-arm64"]
checksum = "sha256:0d986a28e0e609172c2d3a13a27dbfe19d5d425807167152a94cb71301783f91"
url = "https://github.com/static-web-server/static-web-server/releases/download/v2.44.0/static-web-server-v2.44.0-aarch64-unknown-linux-gnu.tar.gz"
url_api = "https://api.github.com/repos/static-web-server/static-web-server/releases/assets/497206045"

[tools."github:static-web-server/static-web-server"."platforms.linux-arm64-musl"]
checksum = "sha256:e9d6bd0b05dea441028eb4e690249ab585d711b311646bf9f420fcea01449670"
url = "https://github.com/static-web-server/static-web-server/releases/download/v2.44.0/static-web-server-v2.44.0-aarch64-unknown-linux-musl.tar.gz"
url_api = "https://api.github.com/repos/static-web-server/static-web-server/releases/assets/497205948"

[tools."github:static-web-server/static-web-server"."platforms.linux-x64"]
checksum = "sha256:e52f775824a8a44a79d5ee3debb5174442d36cdaaef86a12bfc14920aedd1c57"
url = "https://github.com/static-web-server/static-web-server/releases/download/v2.44.0/static-web-server-v2.44.0-x86_64-unknown-linux-gnu.tar.gz"
url_api = "https://api.github.com/repos/static-web-server/static-web-server/releases/assets/497209281"

[tools."github:static-web-server/static-web-server"."platforms.linux-x64-musl"]
checksum = "sha256:804bc0c31c78385ac04e9a36f3c2aa3d3170eb77d66807c2a1660c56b2026bb1"
url = "https://github.com/static-web-server/static-web-server/releases/download/v2.44.0/static-web-server-v2.44.0-x86_64-unknown-linux-musl.tar.gz"
url_api = "https://api.github.com/repos/static-web-server/static-web-server/releases/assets/497207805"

[tools."github:static-web-server/static-web-server"."platforms.macos-arm64"]
checksum = "sha256:5f22e1d0072a0f5bf8bb32468885d6ba7bc9df470d37f16bdd71f9697832964f"
url = "https://github.com/static-web-server/static-web-server/releases/download/v2.44.0/static-web-server-v2.44.0-aarch64-apple-darwin.tar.gz"
url_api = "https://api.github.com/repos/static-web-server/static-web-server/releases/assets/497206582"

[tools."github:static-web-server/static-web-server"."platforms.macos-x64"]
checksum = "sha256:484708863fa0fa39fbfe1a46d99c3671f46c72862dff724da2b480cdc79ced1b"
url = "https://github.com/static-web-server/static-web-server/releases/download/v2.44.0/static-web-server-v2.44.0-x86_64-apple-darwin.tar.gz"
url_api = "https://api.github.com/repos/static-web-server/static-web-server/releases/assets/497206644"

[tools."github:static-web-server/static-web-server"."platforms.windows-x64"]
checksum = "sha256:473011fa047b59649ff68e10c58fb303adf1255cfb6341273fb101e07c9c9b6d"
url = "https://github.com/static-web-server/static-web-server/releases/download/v2.44.0/static-web-server-v2.44.0-x86_64-pc-windows-msvc.zip"
url_api = "https://api.github.com/repos/static-web-server/static-web-server/releases/assets/497208455"

[[tools.watchexec]]
version = "2.7.3"
backend = "aqua:watchexec/watchexec"
specifiers = ["latest"]

[tools.watchexec."platforms.linux-arm64"]
checksum = "sha256:02b3e2beddf96fef5fb2b88849902e3cf9e96da87968bdfb7a488700d64142cc"
url = "https://github.com/watchexec/watchexec/releases/download/v2.7.3/watchexec-2.7.3-aarch64-unknown-linux-gnu.tar.xz"
url_api = "https://api.github.com/repos/watchexec/watchexec/releases/assets/565495662"

[tools.watchexec."platforms.linux-arm64-musl"]
checksum = "sha256:80bd9acfc25e4035624d99585b2f920add5ecbdc0c732c4e42fa1451b63d80a5"
url = "https://github.com/watchexec/watchexec/releases/download/v2.7.3/watchexec-2.7.3-aarch64-unknown-linux-musl.tar.xz"
url_api = "https://api.github.com/repos/watchexec/watchexec/releases/assets/565495670"

[tools.watchexec."platforms.linux-x64"]
checksum = "sha256:8ace3a1d2e752d189f28b6766311d58f155ab977fae66aba60b111ec8aec2f64"
url = "https://github.com/watchexec/watchexec/releases/download/v2.7.3/watchexec-2.7.3-x86_64-unknown-linux-gnu.tar.xz"
url_api = "https://api.github.com/repos/watchexec/watchexec/releases/assets/565495660"

[tools.watchexec."platforms.linux-x64-musl"]
checksum = "sha256:b5bcd00ae3ebb53f7ea5d499fdf98bda14711589a7ecc0619e1847586beaa24d"
url = "https://github.com/watchexec/watchexec/releases/download/v2.7.3/watchexec-2.7.3-x86_64-unknown-linux-musl.tar.xz"
url_api = "https://api.github.com/repos/watchexec/watchexec/releases/assets/565495691"

[tools.watchexec."platforms.macos-arm64"]
checksum = "sha256:bb2a3acc02de5c64f87779fc0226274d47d79026c6df969c8c1034a110b2efad"
url = "https://github.com/watchexec/watchexec/releases/download/v2.7.3/watchexec-2.7.3-aarch64-apple-darwin.tar.xz"
url_api = "https://api.github.com/repos/watchexec/watchexec/releases/assets/565495664"

[tools.watchexec."platforms.macos-x64"]
checksum = "sha256:ddca28bbd6b219a14ffec4893d56dad2e29cfc8b3e47f49e275706c9af20b4c2"
url = "https://github.com/watchexec/watchexec/releases/download/v2.7.3/watchexec-2.7.3-x86_64-apple-darwin.tar.xz"
url_api = "https://api.github.com/repos/watchexec/watchexec/releases/assets/565495778"

[tools.watchexec."platforms.windows-x64"]
checksum = "sha256:c20d195ffe0a9f90bc3067db2cc0d991c33aaf1591b20531f4aa8999a20bce67"
url = "https://github.com/watchexec/watchexec/releases/download/v2.7.3/watchexec-2.7.3-x86_64-pc-windows-msvc.zip"
url_api = "https://api.github.com/repos/watchexec/watchexec/releases/assets/565495696"
